
Microsoft Visual Studio Solution File, Format Version 12.00
# Visual Studio Version 16
VisualStudioVersion = 16.0.31129.286
MinimumVisualStudioVersion = 10.0.40219.1
Project("{FAE04EC0-301F-11D3-BF4B-00C04F79EFBC}") = "TicTacToe", "TicTacToe\TicTacToe.csproj", "{4620F821-5CC3-4101-8E5B-DD31378117A6}"
EndProject
Global
	GlobalSection(SolutionConfigurationPlatforms) = preSolution
		Debug|Any CPU = Debug|Any CPU
		Release|Any CPU = Release|Any CPU
	EndGlobalSection
	GlobalSection(ProjectConfigurationPlatforms) = postSolution
		{4620F821-5CC3-4101-8E5B-DD31378117A6}.Debug|Any CPU.ActiveCfg = Debug|Any CPU
		{4620F821-5CC3-4101-8E5B-DD31378117A6}.Debug|Any CPU.Build.0 = Debug|Any CPU
		{4620F821-5CC3-4101-8E5B-DD31378117A6}.Release|Any CPU.ActiveCfg = Release|Any CPU
		{4620F821-5CC3-4101-8E5B-DD31378117A6}.Release|Any CPU.Build.0 = Release|Any CPU
	EndGlobalSection
	GlobalSection(SolutionProperties) = preSolution
		HideSolutionNode = FALSE
	EndGlobalSection
	GlobalSection(ExtensibilityGlobals) = postSolution
		SolutionGuid = {6E38EA69-B474-4ABF-BF84-AC6B8418F045}
	EndGlobalSection
EndGlobal
